
Microsoft Visual Studio Solution File, Format Version 12.00
# Visual Studio Version 17
VisualStudioVersion = 17.1.32407.343
MinimumVisualStudioVersion = 10.0.40219.1
Project("{2150E333-8FDC-42A3-9474-1A3956D46DE8}") = ".items", ".items", "{1E2AFA48-704D-4E7B-8A90-BB8D79F69E80}"
	ProjectSection(SolutionItems) = preProject
		LICENSE = LICENSE
		README.md = README.md
		ReleaseNotes.md = ReleaseNotes.md
	EndProjectSection
EndProject
Project("{9A19103F-16F7-4668-BE54-9A1E7A4F7556}") = "D20Tek.Spectre.Console.Extensions", "D20Tek.Spectre.Console.Extensions\D20Tek.Spectre.Console.Extensions.csproj", "{D01A1C74-5D45-4761-8BD2-B34004D6C708}"
EndProject
Project("{9A19103F-16F7-4668-BE54-9A1E7A4F7556}") = "D20Tek.Spectre.Console.Extensions.UnitTests", "D20Tek.Spectre.Console.Extensions.UnitTests\D20Tek.Spectre.Console.Extensions.UnitTests.csproj", "{75EE79C8-D58B-4FBB-9235-F8824D56F632}"
EndProject
Project("{9A19103F-16F7-4668-BE54-9A1E7A4F7556}") = "DependencyInjection.Cli", "samples\DependencyInjection.Cli\DependencyInjection.Cli.csproj", "{DB25F4AA-2913-4396-9FD0-D674B75A5543}"
EndProject
Project("{2150E333-8FDC-42A3-9474-1A3956D46DE8}") = "samples", "samples", "{7DADA67F-CBE3-4664-B544-7D0FEA8E5081}"
EndProject
Project("{D954291E-2A0B-460D-934E-DC6B0785DB48}") = "D20Tek.Samples.Common", "samples\D20Tek.Samples.Common\D20Tek.Samples.Common.shproj", "{4F5494AA-3286-4E53-986D-A638D2BB2CCC}"
EndProject
Project("{9A19103F-16F7-4668-BE54-9A1E7A4F7556}") = "Basic.Cli", "samples\Basic.Cli\Basic.Cli.csproj", "{C81FA14F-FBB2-4152-A25C-A106464AD0A0}"
EndProject
Project("{2150E333-8FDC-42A3-9474-1A3956D46DE8}") = ".workflows", ".workflows", "{CF33EC10-8B20-417F-BA77-90978CB1078D}"
	ProjectSection(SolutionItems) = preProject
		.github\workflows\nuget-release.yml = .github\workflows\nuget-release.yml
		.github\workflows\spectre-console-extensions-ci.yml = .github\workflows\spectre-console-extensions-ci.yml
		.github\workflows\spectre-console-extensions-official.yml = .github\workflows\spectre-console-extensions-official.yml
	EndProjectSection
EndProject
Project("{9A19103F-16F7-4668-BE54-9A1E7A4F7556}") = "Ninject.Cli", "samples\Ninject.Cli\Ninject.Cli.csproj", "{F2F6F3DC-61CF-4AEC-B210-07E2E5A6BFA3}"
EndProject
Project("{9A19103F-16F7-4668-BE54-9A1E7A4F7556}") = "NoDI.Cli", "samples\NoDI.Cli\NoDI.Cli.csproj", "{6F93BC4C-A839-4543-AC83-74D4D2C9F636}"
EndProject
Project("{9A19103F-16F7-4668-BE54-9A1E7A4F7556}") = "Autofac.Cli", "samples\Autofac.Cli\Autofac.Cli.csproj", "{EEE91EC4-C1BE-41C2-BC5C-5613A988616B}"
EndProject
Project("{9A19103F-16F7-4668-BE54-9A1E7A4F7556}") = "LightInject.Cli", "samples\LightInject.Cli\LightInject.Cli.csproj", "{379F0F43-AFAB-4DDB-9A7C-5385441BD3B3}"
EndProject
Project("{9A19103F-16F7-4668-BE54-9A1E7A4F7556}") = "Lamar.Cli", "samples\Lamar.Cli\Lamar.Cli.csproj", "{55CFC515-C6AB-4BCF-8558-F226FF5CC8C2}"
EndProject
Project("{FAE04EC0-301F-11D3-BF4B-00C04F79EFBC}") = "D20Tek.Spectre.Console.Extensions.MoreContainers", "D20Tek.Spectre.Console.Extensions.MoreContainers\D20Tek.Spectre.Console.Extensions.MoreContainers.csproj", "{0FB8FC0F-B6F1-40E4-9C47-D43CCC6F6746}"
EndProject
Global
	GlobalSection(SolutionConfigurationPlatforms) = preSolution
		Debug|Any CPU = Debug|Any CPU
		Release|Any CPU = Release|Any CPU
	EndGlobalSection
	GlobalSection(ProjectConfigurationPlatforms) = postSolution
		{D01A1C74-5D45-4761-8BD2-B34004D6C708}.Debug|Any CPU.ActiveCfg = Debug|Any CPU
		{D01A1C74-5D45-4761-8BD2-B34004D6C708}.Debug|Any CPU.Build.0 = Debug|Any CPU
		{D01A1C74-5D45-4761-8BD2-B34004D6C708}.Release|Any CPU.ActiveCfg = Release|Any CPU
		{D01A1C74-5D45-4761-8BD2-B34004D6C708}.Release|Any CPU.Build.0 = Release|Any CPU
		{75EE79C8-D58B-4FBB-9235-F8824D56F632}.Debug|Any CPU.ActiveCfg = Debug|Any CPU
		{75EE79C8-D58B-4FBB-9235-F8824D56F632}.Debug|Any CPU.Build.0 = Debug|Any CPU
		{75EE79C8-D58B-4FBB-9235-F8824D56F632}.Release|Any CPU.ActiveCfg = Release|Any CPU
		{75EE79C8-D58B-4FBB-9235-F8824D56F632}.Release|Any CPU.Build.0 = Release|Any CPU
		{DB25F4AA-2913-4396-9FD0-D674B75A5543}.Debug|Any CPU.ActiveCfg = Debug|Any CPU
		{DB25F4AA-2913-4396-9FD0-D674B75A5543}.Debug|Any CPU.Build.0 = Debug|Any CPU
		{DB25F4AA-2913-4396-9FD0-D674B75A5543}.Release|Any CPU.ActiveCfg = Release|Any CPU
		{DB25F4AA-2913-4396-9FD0-D674B75A5543}.Release|Any CPU.Build.0 = Release|Any CPU
		{C81FA14F-FBB2-4152-A25C-A106464AD0A0}.Debug|Any CPU.ActiveCfg = Debug|Any CPU
		{C81FA14F-FBB2-4152-A25C-A106464AD0A0}.Debug|Any CPU.Build.0 = Debug|Any CPU
		{C81FA14F-FBB2-4152-A25C-A106464AD0A0}.Release|Any CPU.ActiveCfg = Release|Any CPU
		{C81FA14F-FBB2-4152-A25C-A106464AD0A0}.Release|Any CPU.Build.0 = Release|Any CPU
		{F2F6F3DC-61CF-4AEC-B210-07E2E5A6BFA3}.Debug|Any CPU.ActiveCfg = Debug|Any CPU
		{F2F6F3DC-61CF-4AEC-B210-07E2E5A6BFA3}.Debug|Any CPU.Build.0 = Debug|Any CPU
		{F2F6F3DC-61CF-4AEC-B210-07E2E5A6BFA3}.Release|Any CPU.ActiveCfg = Release|Any CPU
		{F2F6F3DC-61CF-4AEC-B210-07E2E5A6BFA3}.Release|Any CPU.Build.0 = Release|Any CPU
		{6F93BC4C-A839-4543-AC83-74D4D2C9F636}.Debug|Any CPU.ActiveCfg = Debug|Any CPU
		{6F93BC4C-A839-4543-AC83-74D4D2C9F636}.Debug|Any CPU.Build.0 = Debug|Any CPU
		{6F93BC4C-A839-4543-AC83-74D4D2C9F636}.Release|Any CPU.ActiveCfg = Release|Any CPU
		{6F93BC4C-A839-4543-AC83-74D4D2C9F636}.Release|Any CPU.Build.0 = Release|Any CPU
		{EEE91EC4-C1BE-41C2-BC5C-5613A988616B}.Debug|Any CPU.ActiveCfg = Debug|Any CPU
		{EEE91EC4-C1BE-41C2-BC5C-5613A988616B}.Debug|Any CPU.Build.0 = Debug|Any CPU
		{EEE91EC4-C1BE-41C2-BC5C-5613A988616B}.Release|Any CPU.ActiveCfg = Release|Any CPU
		{EEE91EC4-C1BE-41C2-BC5C-5613A988616B}.Release|Any CPU.Build.0 = Release|Any CPU
		{379F0F43-AFAB-4DDB-9A7C-5385441BD3B3}.Debug|Any CPU.ActiveCfg = Debug|Any CPU
		{379F0F43-AFAB-4DDB-9A7C-5385441BD3B3}.Debug|Any CPU.Build.0 = Debug|Any CPU
		{379F0F43-AFAB-4DDB-9A7C-5385441BD3B3}.Release|Any CPU.ActiveCfg = Release|Any CPU
		{379F0F43-AFAB-4DDB-9A7C-5385441BD3B3}.Release|Any CPU.Build.0 = Release|Any CPU
		{55CFC515-C6AB-4BCF-8558-F226FF5CC8C2}.Debug|Any CPU.ActiveCfg = Debug|Any CPU
		{55CFC515-C6AB-4BCF-8558-F226FF5CC8C2}.Debug|Any CPU.Build.0 = Debug|Any CPU
		{55CFC515-C6AB-4BCF-8558-F226FF5CC8C2}.Release|Any CPU.ActiveCfg = Release|Any CPU
		{55CFC515-C6AB-4BCF-8558-F226FF5CC8C2}.Release|Any CPU.Build.0 = Release|Any CPU
		{0FB8FC0F-B6F1-40E4-9C47-D43CCC6F6746}.Debug|Any CPU.ActiveCfg = Debug|Any CPU
		{0FB8FC0F-B6F1-40E4-9C47-D43CCC6F6746}.Debug|Any CPU.Build.0 = Debug|Any CPU
		{0FB8FC0F-B6F1-40E4-9C47-D43CCC6F6746}.Release|Any CPU.ActiveCfg = Release|Any CPU
		{0FB8FC0F-B6F1-40E4-9C47-D43CCC6F6746}.Release|Any CPU.Build.0 = Release|Any CPU
	EndGlobalSection
	GlobalSection(SolutionProperties) = preSolution
		HideSolutionNode = FALSE
	EndGlobalSection
	GlobalSection(NestedProjects) = preSolution
		{DB25F4AA-2913-4396-9FD0-D674B75A5543} = {7DADA67F-CBE3-4664-B544-7D0FEA8E5081}
		{4F5494AA-3286-4E53-986D-A638D2BB2CCC} = {7DADA67F-CBE3-4664-B544-7D0FEA8E5081}
		{C81FA14F-FBB2-4152-A25C-A106464AD0A0} = {7DADA67F-CBE3-4664-B544-7D0FEA8E5081}
		{F2F6F3DC-61CF-4AEC-B210-07E2E5A6BFA3} = {7DADA67F-CBE3-4664-B544-7D0FEA8E5081}
		{6F93BC4C-A839-4543-AC83-74D4D2C9F636} = {7DADA67F-CBE3-4664-B544-7D0FEA8E5081}
		{EEE91EC4-C1BE-41C2-BC5C-5613A988616B} = {7DADA67F-CBE3-4664-B544-7D0FEA8E5081}
		{379F0F43-AFAB-4DDB-9A7C-5385441BD3B3} = {7DADA67F-CBE3-4664-B544-7D0FEA8E5081}
		{55CFC515-C6AB-4BCF-8558-F226FF5CC8C2} = {7DADA67F-CBE3-4664-B544-7D0FEA8E5081}
	EndGlobalSection
	GlobalSection(ExtensibilityGlobals) = postSolution
		SolutionGuid = {7D1641E6-17C4-4467-946F-C057C45F4A62}
	EndGlobalSection
	GlobalSection(SharedMSBuildProjectFiles) = preSolution
		samples\D20Tek.Samples.Common\D20Tek.Samples.Common.projitems*{379f0f43-afab-4ddb-9a7c-5385441bd3b3}*SharedItemsImports = 5
		samples\D20Tek.Samples.Common\D20Tek.Samples.Common.projitems*{4f5494aa-3286-4e53-986d-a638d2bb2ccc}*SharedItemsImports = 13
		samples\D20Tek.Samples.Common\D20Tek.Samples.Common.projitems*{55cfc515-c6ab-4bcf-8558-f226ff5cc8c2}*SharedItemsImports = 5
		samples\D20Tek.Samples.Common\D20Tek.Samples.Common.projitems*{c81fa14f-fbb2-4152-a25c-a106464ad0a0}*SharedItemsImports = 5
		samples\D20Tek.Samples.Common\D20Tek.Samples.Common.projitems*{db25f4aa-2913-4396-9fd0-d674b75a5543}*SharedItemsImports = 5
		samples\D20Tek.Samples.Common\D20Tek.Samples.Common.projitems*{eee91ec4-c1be-41c2-bc5c-5613a988616b}*SharedItemsImports = 5
		samples\D20Tek.Samples.Common\D20Tek.Samples.Common.projitems*{f2f6f3dc-61cf-4aec-b210-07e2e5a6bfa3}*SharedItemsImports = 5
	EndGlobalSection
EndGlobal
